// !$*UTF8*$!
{
	archiveVersion = 1;
	classes = {
	};
	objectVersion = 50;
	objects = {

/* Begin PBXBuildFile section */
		C58DC0DD282A6AFB0015EBF4 /* AppDelegate.swift in Sources */ = {isa = PBXBuildFile; fileRef = C58DC0DC282A6AFB0015EBF4 /* AppDelegate.swift */; };
		C58DC0DF282A6AFB0015EBF4 /* ViewController.swift in Sources */ = {isa = PBXBuildFile; fileRef = C58DC0DE282A6AFB0015EBF4 /* ViewController.swift */; };
		C58DC0E1282A6AFC0015EBF4 /* Assets.xcassets in Resources */ = {isa = PBXBuildFile; fileRef = C58DC0E0282A6AFC0015EBF4 /* Assets.xcassets */; };
		C58DC0E4282A6AFC0015EBF4 /* Main.storyboard in Resources */ = {isa = PBXBuildFile; fileRef = C58DC0E2282A6AFC0015EBF4 /* Main.storyboard */; };
		C58DC0F0282A6B0B0015EBF4 /* TestMacosUITests.swift in Sources */ = {isa = PBXBuildFile; fileRef = C58DC0EF282A6B0B0015EBF4 /* TestMacosUITests.swift */; };
		C58DC0F9282A6B500015EBF4 /* SafariUITests.swift in Sources */ = {isa = PBXBuildFile; fileRef = C58DC0F8282A6B500015EBF4 /* SafariUITests.swift */; };
		E819E1AF248A6EDF00FECBB8 /* AppDelegate.swift in Sources */ = {isa = PBXBuildFile; fileRef = E819E1AE248A6EDF00FECBB8 /* AppDelegate.swift */; };
		E819E1B3248A6EDF00FECBB8 /* ContactsViewController.swift in Sources */ = {isa = PBXBuildFile; fileRef = E819E1B2248A6EDF00FECBB8 /* ContactsViewController.swift */; };
		E819E1B8248A6EE200FECBB8 /* Assets.xcassets in Resources */ = {isa = PBXBuildFile; fileRef = E819E1B7248A6EE200FECBB8 /* Assets.xcassets */; };
		E819E1BB248A6EE200FECBB8 /* LaunchScreen.storyboard in Resources */ = {isa = PBXBuildFile; fileRef = E819E1B9248A6EE200FECBB8 /* LaunchScreen.storyboard */; };
		E819E1C3248A6F8900FECBB8 /* ContactsViewModel.swift in Sources */ = {isa = PBXBuildFile; fileRef = E819E1C2248A6F8900FECBB8 /* ContactsViewModel.swift */; };
		E819E1C8248A722200FECBB8 /* UITableView+Cell.swift in Sources */ = {isa = PBXBuildFile; fileRef = E819E1C7248A722200FECBB8 /* UITableView+Cell.swift */; };
		E819E1CA248A73F000FECBB8 /* AppCoordinator.swift in Sources */ = {isa = PBXBuildFile; fileRef = E819E1C9248A73F000FECBB8 /* AppCoordinator.swift */; };
		E819E1CC248A754E00FECBB8 /* AppContext.swift in Sources */ = {isa = PBXBuildFile; fileRef = E819E1CB248A754E00FECBB8 /* AppContext.swift */; };
		E819E1D0248A76A500FECBB8 /* ContactTableViewCell.swift in Sources */ = {isa = PBXBuildFile; fileRef = E819E1CF248A76A500FECBB8 /* ContactTableViewCell.swift */; };
		E819E1D4248A792300FECBB8 /* SingleContactViewModel.swift in Sources */ = {isa = PBXBuildFile; fileRef = E819E1D3248A792300FECBB8 /* SingleContactViewModel.swift */; };
		E819E1D6248A7AD900FECBB8 /* SingleContactViewController.swift in Sources */ = {isa = PBXBuildFile; fileRef = E819E1D5248A7AD900FECBB8 /* SingleContactViewController.swift */; };
		E819E1D8248A7B5700FECBB8 /* TextField.swift in Sources */ = {isa = PBXBuildFile; fileRef = E819E1D7248A7B5700FECBB8 /* TextField.swift */; };
		E819E1DC248A7C5700FECBB8 /* RoundedAvatar.swift in Sources */ = {isa = PBXBuildFile; fileRef = E819E1DB248A7C5700FECBB8 /* RoundedAvatar.swift */; };
		E819E1EB248A816000FECBB8 /* StyleGuide.swift in Sources */ = {isa = PBXBuildFile; fileRef = E819E1EA248A816000FECBB8 /* StyleGuide.swift */; };
		E819E1F0248A892A00FECBB8 /* Contact.swift in Sources */ = {isa = PBXBuildFile; fileRef = E819E1EF248A892A00FECBB8 /* Contact.swift */; };
		E819E1F6248A8B5400FECBB8 /* Strings.swift in Sources */ = {isa = PBXBuildFile; fileRef = E819E1F5248A8B5400FECBB8 /* Strings.swift */; };
		E819E1F8248A8C2B00FECBB8 /* Localizable.strings in Resources */ = {isa = PBXBuildFile; fileRef = E819E1F7248A8C2B00FECBB8 /* Localizable.strings */; };
		E819E1FE248A8EDA00FECBB8 /* Serializer.swift in Sources */ = {isa = PBXBuildFile; fileRef = E819E1FD248A8EDA00FECBB8 /* Serializer.swift */; };
		E81FD9A9248B619700428A0B /* String.swift in Sources */ = {isa = PBXBuildFile; fileRef = E81FD9A8248B619700428A0B /* String.swift */; };
		E81FD9AB248B652500428A0B /* ContactList.swift in Sources */ = {isa = PBXBuildFile; fileRef = E81FD9AA248B652500428A0B /* ContactList.swift */; };
		E81FD9AD248B749C00428A0B /* Contacts.json in Resources */ = {isa = PBXBuildFile; fileRef = E81FD9AC248B749C00428A0B /* Contacts.json */; };
		E81FD9AF248B76F700428A0B /* InitialContactsService.swift in Sources */ = {isa = PBXBuildFile; fileRef = E81FD9AE248B76F700428A0B /* InitialContactsService.swift */; };
		E81FD9B1248B774200428A0B /* ContactsStorageService.swift in Sources */ = {isa = PBXBuildFile; fileRef = E81FD9B0248B774200428A0B /* ContactsStorageService.swift */; };
		E81FD9B3248B798200428A0B /* ContactsProxyService.swift in Sources */ = {isa = PBXBuildFile; fileRef = E81FD9B2248B798200428A0B /* ContactsProxyService.swift */; };
		E81FD9B5248B825200428A0B /* Label.swift in Sources */ = {isa = PBXBuildFile; fileRef = E81FD9B4248B825200428A0B /* Label.swift */; };
		E81FD9B7248B831300428A0B /* Font.swift in Sources */ = {isa = PBXBuildFile; fileRef = E81FD9B6248B831300428A0B /* Font.swift */; };
/* End PBXBuildFile section */

/* Begin PBXContainerItemProxy section */
		C58DC0F3282A6B0B0015EBF4 /* PBXContainerItemProxy */ = {
			isa = PBXContainerItemProxy;
			containerPortal = E819E1A3248A6EDF00FECBB8 /* Project object */;
			proxyType = 1;
			remoteGlobalIDString = C58DC0D9282A6AFB0015EBF4;
			remoteInfo = TestMacos;
		};
/* End PBXContainerItemProxy section */

/* Begin PBXFileReference section */
		C58DC0DA282A6AFB0015EBF4 /* TestMacos.app */ = {isa = PBXFileReference; explicitFileType = wrapper.application; includeInIndex = 0; path = TestMacos.app; sourceTree = BUILT_PRODUCTS_DIR; };
		C58DC0DC282A6AFB0015EBF4 /* AppDelegate.swift */ = {isa = PBXFileReference; lastKnownFileType = sourcecode.swift; path = AppDelegate.swift; sourceTree = "<group>"; };
		C58DC0DE282A6AFB0015EBF4 /* ViewController.swift */ = {isa = PBXFileReference; lastKnownFileType = sourcecode.swift; path = ViewController.swift; sourceTree = "<group>"; };
		C58DC0E0282A6AFC0015EBF4 /* Assets.xcassets */ = {isa = PBXFileReference; lastKnownFileType = folder.assetcatalog; path = Assets.xcassets; sourceTree = "<group>"; };
		C58DC0E3282A6AFC0015EBF4 /* Base */ = {isa = PBXFileReference; lastKnownFileType = file.storyboard; name = Base; path = Base.lproj/Main.storyboard; sourceTree = "<group>"; };
		C58DC0E5282A6AFC0015EBF4 /* TestMacos.entitlements */ = {isa = PBXFileReference; lastKnownFileType = text.plist.entitlements; path = TestMacos.entitlements; sourceTree = "<group>"; };
		C58DC0ED282A6B0B0015EBF4 /* TestMacosUITests.xctest */ = {isa = PBXFileReference; explicitFileType = wrapper.cfbundle; includeInIndex = 0; path = TestMacosUITests.xctest; sourceTree = BUILT_PRODUCTS_DIR; };
		C58DC0EF282A6B0B0015EBF4 /* TestMacosUITests.swift */ = {isa = PBXFileReference; lastKnownFileType = sourcecode.swift; path = TestMacosUITests.swift; sourceTree = "<group>"; };
		C58DC0F8282A6B500015EBF4 /* SafariUITests.swift */ = {isa = PBXFileReference; lastKnownFileType = sourcecode.swift; path = SafariUITests.swift; sourceTree = "<group>"; };
		E819E1AB248A6EDF00FECBB8 /* TestContacts.app */ = {isa = PBXFileReference; explicitFileType = wrapper.application; includeInIndex = 0; path = TestContacts.app; sourceTree = BUILT_PRODUCTS_DIR; };
		E819E1AE248A6EDF00FECBB8 /* AppDelegate.swift */ = {isa = PBXFileReference; lastKnownFileType = sourcecode.swift; path = AppDelegate.swift; sourceTree = "<group>"; };
		E819E1B2248A6EDF00FECBB8 /* ContactsViewController.swift */ = {isa = PBXFileReference; lastKnownFileType = sourcecode.swift; path = ContactsViewController.swift; sourceTree = "<group>"; };
		E819E1B7248A6EE200FECBB8 /* Assets.xcassets */ = {isa = PBXFileReference; lastKnownFileType = folder.assetcatalog; path = Assets.xcassets; sourceTree = "<group>"; };
		E819E1BA248A6EE200FECBB8 /* Base */ = {isa = PBXFileReference; lastKnownFileType = file.storyboard; name = Base; path = Base.lproj/LaunchScreen.storyboard; sourceTree = "<group>"; };
		E819E1C2248A6F8900FECBB8 /* ContactsViewModel.swift */ = {isa = PBXFileReference; lastKnownFileType = sourcecode.swift; path = ContactsViewModel.swift; sourceTree = "<group>"; };
		E819E1C7248A722200FECBB8 /* UITableView+Cell.swift */ = {isa = PBXFileReference; lastKnownFileType = sourcecode.swift; path = "UITableView+Cell.swift"; sourceTree = "<group>"; };
		E819E1C9248A73F000FECBB8 /* AppCoordinator.swift */ = {isa = PBXFileReference; lastKnownFileType = sourcecode.swift; path = AppCoordinator.swift; sourceTree = "<group>"; };
		E819E1CB248A754E00FECBB8 /* AppContext.swift */ = {isa = PBXFileReference; lastKnownFileType = sourcecode.swift; path = AppContext.swift; sourceTree = "<group>"; };
		E819E1CF248A76A500FECBB8 /* ContactTableViewCell.swift */ = {isa = PBXFileReference; lastKnownFileType = sourcecode.swift; path = ContactTableViewCell.swift; sourceTree = "<group>"; };
		E819E1D3248A792300FECBB8 /* SingleContactViewModel.swift */ = {isa = PBXFileReference; lastKnownFileType = sourcecode.swift; path = SingleContactViewModel.swift; sourceTree = "<group>"; };
		E819E1D5248A7AD900FECBB8 /* SingleContactViewController.swift */ = {isa = PBXFileReference; lastKnownFileType = sourcecode.swift; path = SingleContactViewController.swift; sourceTree = "<group>"; };
		E819E1D7248A7B5700FECBB8 /* TextField.swift */ = {isa = PBXFileReference; lastKnownFileType = sourcecode.swift; path = TextField.swift; sourceTree = "<group>"; };
		E819E1DB248A7C5700FECBB8 /* RoundedAvatar.swift */ = {isa = PBXFileReference; lastKnownFileType = sourcecode.swift; path = RoundedAvatar.swift; sourceTree = "<group>"; };
		E819E1EA248A816000FECBB8 /* StyleGuide.swift */ = {isa = PBXFileReference; lastKnownFileType = sourcecode.swift; path = StyleGuide.swift; sourceTree = "<group>"; };
		E819E1EF248A892A00FECBB8 /* Contact.swift */ = {isa = PBXFileReference; lastKnownFileType = sourcecode.swift; path = Contact.swift; sourceTree = "<group>"; };
		E819E1F5248A8B5400FECBB8 /* Strings.swift */ = {isa = PBXFileReference; lastKnownFileType = sourcecode.swift; path = Strings.swift; sourceTree = "<group>"; };
		E819E1F7248A8C2B00FECBB8 /* Localizable.strings */ = {isa = PBXFileReference; lastKnownFileType = text.plist.strings; path = Localizable.strings; sourceTree = "<group>"; };
		E819E1FD248A8EDA00FECBB8 /* Serializer.swift */ = {isa = PBXFileReference; lastKnownFileType = sourcecode.swift; path = Serializer.swift; sourceTree = "<group>"; };
		E81FD9A8248B619700428A0B /* String.swift */ = {isa = PBXFileReference; lastKnownFileType = sourcecode.swift; path = String.swift; sourceTree = "<group>"; };
		E81FD9AA248B652500428A0B /* ContactList.swift */ = {isa = PBXFileReference; lastKnownFileType = sourcecode.swift; path = ContactList.swift; sourceTree = "<group>"; };
		E81FD9AC248B749C00428A0B /* Contacts.json */ = {isa = PBXFileReference; fileEncoding = 4; lastKnownFileType = text.json; path = Contacts.json; sourceTree = "<group>"; };
		E81FD9AE248B76F700428A0B /* InitialContactsService.swift */ = {isa = PBXFileReference; fileEncoding = 4; lastKnownFileType = sourcecode.swift; path = InitialContactsService.swift; sourceTree = "<group>"; };
		E81FD9B0248B774200428A0B /* ContactsStorageService.swift */ = {isa = PBXFileReference; lastKnownFileType = sourcecode.swift; path = ContactsStorageService.swift; sourceTree = "<group>"; };
		E81FD9B2248B798200428A0B /* ContactsProxyService.swift */ = {isa = PBXFileReference; lastKnownFileType = sourcecode.swift; path = ContactsProxyService.swift; sourceTree = "<group>"; };
		E81FD9B4248B825200428A0B /* Label.swift */ = {isa = PBXFileReference; lastKnownFileType = sourcecode.swift; path = Label.swift; sourceTree = "<group>"; };
		E81FD9B6248B831300428A0B /* Font.swift */ = {isa = PBXFileReference; lastKnownFileType = sourcecode.swift; path = Font.swift; sourceTree = "<group>"; };
/* End PBXFileReference section */

/* Begin PBXFrameworksBuildPhase section */
		C58DC0D7282A6AFB0015EBF4 /* Frameworks */ = {
			isa = PBXFrameworksBuildPhase;
			buildActionMask = 2147483647;
			files = (
			);
			runOnlyForDeploymentPostprocessing = 0;
		};
		C58DC0EA282A6B0B0015EBF4 /* Frameworks */ = {
			isa = PBXFrameworksBuildPhase;
			buildActionMask = 2147483647;
			files = (
			);
			runOnlyForDeploymentPostprocessing = 0;
		};
		E819E1A8248A6EDF00FECBB8 /* Frameworks */ = {
			isa = PBXFrameworksBuildPhase;
			buildActionMask = 2147483647;
			files = (
			);
			runOnlyForDeploymentPostprocessing = 0;
		};
/* End PBXFrameworksBuildPhase section */

/* Begin PBXGroup section */
		C58DC0DB282A6AFB0015EBF4 /* TestMacos */ = {
			isa = PBXGroup;
			children = (
				C58DC0DC282A6AFB0015EBF4 /* AppDelegate.swift */,
				C58DC0DE282A6AFB0015EBF4 /* ViewController.swift */,
				C58DC0E0282A6AFC0015EBF4 /* Assets.xcassets */,
				C58DC0E2282A6AFC0015EBF4 /* Main.storyboard */,
				C58DC0E5282A6AFC0015EBF4 /* TestMacos.entitlements */,
			);
			path = TestMacos;
			sourceTree = "<group>";
		};
		C58DC0EE282A6B0B0015EBF4 /* TestMacosUITests */ = {
			isa = PBXGroup;
			children = (
				C58DC0EF282A6B0B0015EBF4 /* TestMacosUITests.swift */,
				C58DC0F8282A6B500015EBF4 /* SafariUITests.swift */,
			);
			path = TestMacosUITests;
			sourceTree = "<group>";
		};
		E819E1A2248A6EDF00FECBB8 = {
			isa = PBXGroup;
			children = (
				E819E1AD248A6EDF00FECBB8 /* TestContacts */,
				C58DC0DB282A6AFB0015EBF4 /* TestMacos */,
				C58DC0EE282A6B0B0015EBF4 /* TestMacosUITests */,
				E819E1AC248A6EDF00FECBB8 /* Products */,
			);
			sourceTree = "<group>";
		};
		E819E1AC248A6EDF00FECBB8 /* Products */ = {
			isa = PBXGroup;
			children = (
				E819E1AB248A6EDF00FECBB8 /* TestContacts.app */,
				C58DC0DA282A6AFB0015EBF4 /* TestMacos.app */,
				C58DC0ED282A6B0B0015EBF4 /* TestMacosUITests.xctest */,
			);
			name = Products;
			sourceTree = "<group>";
		};
		E819E1AD248A6EDF00FECBB8 /* TestContacts */ = {
			isa = PBXGroup;
			children = (
				E819E1DE248A7FD400FECBB8 /* Resources */,
				E819E1DD248A7D5200FECBB8 /* Services */,
				E819E1C6248A720E00FECBB8 /* Catalogs */,
				E819E1C5248A71C800FECBB8 /* Source */,
			);
			path = TestContacts;
			sourceTree = "<group>";
		};
		E819E1C4248A71B200FECBB8 /* Contacts */ = {
			isa = PBXGroup;
			children = (
				E819E1B2248A6EDF00FECBB8 /* ContactsViewController.swift */,
				E819E1C2248A6F8900FECBB8 /* ContactsViewModel.swift */,
			);
			path = Contacts;
			sourceTree = "<group>";
		};
		E819E1C5248A71C800FECBB8 /* Source */ = {
			isa = PBXGroup;
			children = (
				E819E1EE248A891900FECBB8 /* Models */,
				E819E1CD248A768400FECBB8 /* Common */,
				E819E1AE248A6EDF00FECBB8 /* AppDelegate.swift */,
				E819E1CB248A754E00FECBB8 /* AppContext.swift */,
				E819E1C9248A73F000FECBB8 /* AppCoordinator.swift */,
				E819E1D1248A790300FECBB8 /* Screens */,
				E819E1D9248A7B6100FECBB8 /* Factory */,
			);
			path = Source;
			sourceTree = "<group>";
		};
		E819E1C6248A720E00FECBB8 /* Catalogs */ = {
			isa = PBXGroup;
			children = (
				E819E1C7248A722200FECBB8 /* UITableView+Cell.swift */,
				E81FD9A8248B619700428A0B /* String.swift */,
			);
			path = Catalogs;
			sourceTree = "<group>";
		};
		E819E1CD248A768400FECBB8 /* Common */ = {
			isa = PBXGroup;
			children = (
				E819E1DA248A7BFA00FECBB8 /* Views */,
				E819E1CE248A769200FECBB8 /* Cells */,
				E819E1EA248A816000FECBB8 /* StyleGuide.swift */,
				E819E1F5248A8B5400FECBB8 /* Strings.swift */,
				E81FD9B6248B831300428A0B /* Font.swift */,
			);
			path = Common;
			sourceTree = "<group>";
		};
		E819E1CE248A769200FECBB8 /* Cells */ = {
			isa = PBXGroup;
			children = (
				E819E1CF248A76A500FECBB8 /* ContactTableViewCell.swift */,
			);
			path = Cells;
			sourceTree = "<group>";
		};
		E819E1D1248A790300FECBB8 /* Screens */ = {
			isa = PBXGroup;
			children = (
				E819E1D2248A791300FECBB8 /* SingleContact */,
				E819E1C4248A71B200FECBB8 /* Contacts */,
			);
			path = Screens;
			sourceTree = "<group>";
		};
		E819E1D2248A791300FECBB8 /* SingleContact */ = {
			isa = PBXGroup;
			children = (
				E819E1D3248A792300FECBB8 /* SingleContactViewModel.swift */,
				E819E1D5248A7AD900FECBB8 /* SingleContactViewController.swift */,
			);
			path = SingleContact;
			sourceTree = "<group>";
		};
		E819E1D9248A7B6100FECBB8 /* Factory */ = {
			isa = PBXGroup;
			children = (
				E819E1D7248A7B5700FECBB8 /* TextField.swift */,
				E81FD9B4248B825200428A0B /* Label.swift */,
			);
			path = Factory;
			sourceTree = "<group>";
		};
		E819E1DA248A7BFA00FECBB8 /* Views */ = {
			isa = PBXGroup;
			children = (
				E819E1DB248A7C5700FECBB8 /* RoundedAvatar.swift */,
			);
			path = Views;
			sourceTree = "<group>";
		};
		E819E1DD248A7D5200FECBB8 /* Services */ = {
			isa = PBXGroup;
			children = (
				E81FD9AE248B76F700428A0B /* InitialContactsService.swift */,
				E819E1FD248A8EDA00FECBB8 /* Serializer.swift */,
				E81FD9B0248B774200428A0B /* ContactsStorageService.swift */,
				E81FD9B2248B798200428A0B /* ContactsProxyService.swift */,
			);
			path = Services;
			sourceTree = "<group>";
		};
		E819E1DE248A7FD400FECBB8 /* Resources */ = {
			isa = PBXGroup;
			children = (
				E819E1B7248A6EE200FECBB8 /* Assets.xcassets */,
				E819E1B9248A6EE200FECBB8 /* LaunchScreen.storyboard */,
				E81FD9AC248B749C00428A0B /* Contacts.json */,
				E819E1F7248A8C2B00FECBB8 /* Localizable.strings */,
			);
			path = Resources;
			sourceTree = "<group>";
		};
		E819E1EE248A891900FECBB8 /* Models */ = {
			isa = PBXGroup;
			children = (
				E819E1EF248A892A00FECBB8 /* Contact.swift */,
				E81FD9AA248B652500428A0B /* ContactList.swift */,
			);
			path = Models;
			sourceTree = "<group>";
		};
/* End PBXGroup section */

/* Begin PBXNativeTarget section */
		C58DC0D9282A6AFB0015EBF4 /* TestMacos */ = {
			isa = PBXNativeTarget;
			buildConfigurationList = C58DC0E8282A6AFC0015EBF4 /* Build configuration list for PBXNativeTarget "TestMacos" */;
			buildPhases = (
				C58DC0D6282A6AFB0015EBF4 /* Sources */,
				C58DC0D7282A6AFB0015EBF4 /* Frameworks */,
				C58DC0D8282A6AFB0015EBF4 /* Resources */,
			);
			buildRules = (
			);
			dependencies = (
			);
			name = TestMacos;
			productName = TestMacos;
			productReference = C58DC0DA282A6AFB0015EBF4 /* TestMacos.app */;
			productType = "com.apple.product-type.application";
		};
		C58DC0EC282A6B0B0015EBF4 /* TestMacosUITests */ = {
			isa = PBXNativeTarget;
			buildConfigurationList = C58DC0F5282A6B0B0015EBF4 /* Build configuration list for PBXNativeTarget "TestMacosUITests" */;
			buildPhases = (
				C58DC0E9282A6B0B0015EBF4 /* Sources */,
				C58DC0EA282A6B0B0015EBF4 /* Frameworks */,
				C58DC0EB282A6B0B0015EBF4 /* Resources */,
			);
			buildRules = (
			);
			dependencies = (
				C58DC0F4282A6B0B0015EBF4 /* PBXTargetDependency */,
			);
			name = TestMacosUITests;
			productName = TestMacosUITests;
			productReference = C58DC0ED282A6B0B0015EBF4 /* TestMacosUITests.xctest */;
			productType = "com.apple.product-type.bundle.ui-testing";
		};
		E819E1AA248A6EDF00FECBB8 /* TestContacts */ = {
			isa = PBXNativeTarget;
			buildConfigurationList = E819E1BF248A6EE200FECBB8 /* Build configuration list for PBXNativeTarget "TestContacts" */;
			buildPhases = (
				E819E1A7248A6EDF00FECBB8 /* Sources */,
				E819E1A8248A6EDF00FECBB8 /* Frameworks */,
				E819E1A9248A6EDF00FECBB8 /* Resources */,
			);
			buildRules = (
			);
			dependencies = (
			);
			name = TestContacts;
			productName = TestContacts;
			productReference = E819E1AB248A6EDF00FECBB8 /* TestContacts.app */;
			productType = "com.apple.product-type.application";
		};
/* End PBXNativeTarget section */

/* Begin PBXProject section */
		E819E1A3248A6EDF00FECBB8 /* Project object */ = {
			isa = PBXProject;
			attributes = {
				LastSwiftUpdateCheck = 1320;
				LastUpgradeCheck = 1130;
				ORGANIZATIONNAME = Marentilo;
				TargetAttributes = {
					C58DC0D9282A6AFB0015EBF4 = {
						CreatedOnToolsVersion = 13.2.1;
					};
					C58DC0EC282A6B0B0015EBF4 = {
						CreatedOnToolsVersion = 13.2.1;
						TestTargetID = C58DC0D9282A6AFB0015EBF4;
					};
					E819E1AA248A6EDF00FECBB8 = {
						CreatedOnToolsVersion = 11.3;
					};
				};
			};
			buildConfigurationList = E819E1A6248A6EDF00FECBB8 /* Build configuration list for PBXProject "TestContacts" */;
			compatibilityVersion = "Xcode 9.3";
			developmentRegion = en;
			hasScannedForEncodings = 0;
			knownRegions = (
				en,
				Base,
			);
			mainGroup = E819E1A2248A6EDF00FECBB8;
			productRefGroup = E819E1AC248A6EDF00FECBB8 /* Products */;
			projectDirPath = "";
			projectRoot = "";
			targets = (
				E819E1AA248A6EDF00FECBB8 /* TestContacts */,
				C58DC0D9282A6AFB0015EBF4 /* TestMacos */,
				C58DC0EC282A6B0B0015EBF4 /* TestMacosUITests */,
			);
		};
/* End PBXProject section */

/* Begin PBXResourcesBuildPhase section */
		C58DC0D8282A6AFB0015EBF4 /* Resources */ = {
			isa = PBXResourcesBuildPhase;
			buildActionMask = 2147483647;
			files = (
				C58DC0E1282A6AFC0015EBF4 /* Assets.xcassets in Resources */,
				C58DC0E4282A6AFC0015EBF4 /* Main.storyboard in Resources */,
			);
			runOnlyForDeploymentPostprocessing = 0;
		};
		C58DC0EB282A6B0B0015EBF4 /* Resources */ = {
			isa = PBXResourcesBuildPhase;
			buildActionMask = 2147483647;
			files = (
			);
			runOnlyForDeploymentPostprocessing = 0;
		};
		E819E1A9248A6EDF00FECBB8 /* Resources */ = {
			isa = PBXResourcesBuildPhase;
			buildActionMask = 2147483647;
			files = (
				E81FD9AD248B749C00428A0B /* Contacts.json in Resources */,
				E819E1BB248A6EE200FECBB8 /* LaunchScreen.storyboard in Resources */,
				E819E1F8248A8C2B00FECBB8 /* Localizable.strings in Resources */,
				E819E1B8248A6EE200FECBB8 /* Assets.xcassets in Resources */,
			);
			runOnlyForDeploymentPostprocessing = 0;
		};
/* End PBXResourcesBuildPhase section */

/* Begin PBXSourcesBuildPhase section */
		C58DC0D6282A6AFB0015EBF4 /* Sources */ = {
			isa = PBXSourcesBuildPhase;
			buildActionMask = 2147483647;
			files = (
				C58DC0DF282A6AFB0015EBF4 /* ViewController.swift in Sources */,
				C58DC0DD282A6AFB0015EBF4 /* AppDelegate.swift in Sources */,
			);
			runOnlyForDeploymentPostprocessing = 0;
		};
		C58DC0E9282A6B0B0015EBF4 /* Sources */ = {
			isa = PBXSourcesBuildPhase;
			buildActionMask = 2147483647;
			files = (
				C58DC0F0282A6B0B0015EBF4 /* TestMacosUITests.swift in Sources */,
				C58DC0F9282A6B500015EBF4 /* SafariUITests.swift in Sources */,
			);
			runOnlyForDeploymentPostprocessing = 0;
		};
		E819E1A7248A6EDF00FECBB8 /* Sources */ = {
			isa = PBXSourcesBuildPhase;
			buildActionMask = 2147483647;
			files = (
				E819E1F0248A892A00FECBB8 /* Contact.swift in Sources */,
				E819E1B3248A6EDF00FECBB8 /* ContactsViewController.swift in Sources */,
				E819E1D4248A792300FECBB8 /* SingleContactViewModel.swift in Sources */,
				E819E1EB248A816000FECBB8 /* StyleGuide.swift in Sources */,
				E819E1CC248A754E00FECBB8 /* AppContext.swift in Sources */,
				E81FD9B5248B825200428A0B /* Label.swift in Sources */,
				E819E1FE248A8EDA00FECBB8 /* Serializer.swift in Sources */,
				E81FD9AB248B652500428A0B /* ContactList.swift in Sources */,
				E819E1C8248A722200FECBB8 /* UITableView+Cell.swift in Sources */,
				E819E1D8248A7B5700FECBB8 /* TextField.swift in Sources */,
				E81FD9B1248B774200428A0B /* ContactsStorageService.swift in Sources */,
				E81FD9AF248B76F700428A0B /* InitialContactsService.swift in Sources */,
				E81FD9B7248B831300428A0B /* Font.swift in Sources */,
				E819E1F6248A8B5400FECBB8 /* Strings.swift in Sources */,
				E819E1CA248A73F000FECBB8 /* AppCoordinator.swift in Sources */,
				E819E1D0248A76A500FECBB8 /* ContactTableViewCell.swift in Sources */,
				E819E1DC248A7C5700FECBB8 /* RoundedAvatar.swift in Sources */,
				E81FD9B3248B798200428A0B /* ContactsProxyService.swift in Sources */,
				E819E1C3248A6F8900FECBB8 /* ContactsViewModel.swift in Sources */,
				E81FD9A9248B619700428A0B /* String.swift in Sources */,
				E819E1D6248A7AD900FECBB8 /* SingleContactViewController.swift in Sources */,
				E819E1AF248A6EDF00FECBB8 /* AppDelegate.swift in Sources */,
			);
			runOnlyForDeploymentPostprocessing = 0;
		};
/* End PBXSourcesBuildPhase section */

/* Begin PBXTargetDependency section */
		C58DC0F4282A6B0B0015EBF4 /* PBXTargetDependency */ = {
			isa = PBXTargetDependency;
			target = C58DC0D9282A6AFB0015EBF4 /* TestMacos */;
			targetProxy = C58DC0F3282A6B0B0015EBF4 /* PBXContainerItemProxy */;
		};
/* End PBXTargetDependency section */

/* Begin PBXVariantGroup section */
		C58DC0E2282A6AFC0015EBF4 /* Main.storyboard */ = {
			isa = PBXVariantGroup;
			children = (
				C58DC0E3282A6AFC0015EBF4 /* Base */,
			);
			name = Main.storyboard;
			sourceTree = "<group>";
		};
		E819E1B9248A6EE200FECBB8 /* LaunchScreen.storyboard */ = {
			isa = PBXVariantGroup;
			children = (
				E819E1BA248A6EE200FECBB8 /* Base */,
			);
			name = LaunchScreen.storyboard;
			sourceTree = "<group>";
		};
/* End PBXVariantGroup section */

/* Begin XCBuildConfiguration section */
		C58DC0E6282A6AFC0015EBF4 /* Debug */ = {
			isa = XCBuildConfiguration;
			buildSettings = {
				ASSETCATALOG_COMPILER_APPICON_NAME = AppIcon;
				ASSETCATALOG_COMPILER_GLOBAL_ACCENT_COLOR_NAME = AccentColor;
				CLANG_CXX_LANGUAGE_STANDARD = "gnu++17";
				CLANG_WARN_QUOTED_INCLUDE_IN_FRAMEWORK_HEADER = YES;
				CODE_SIGN_ENTITLEMENTS = TestMacos/TestMacos.entitlements;
				CODE_SIGN_STYLE = Automatic;
				COMBINE_HIDPI_IMAGES = YES;
				CURRENT_PROJECT_VERSION = 1;
				GENERATE_INFOPLIST_FILE = YES;
				INFOPLIST_KEY_NSHumanReadableCopyright = "Copyright © 2022 Marentilo. All rights reserved.";
				INFOPLIST_KEY_NSMainStoryboardFile = Main;
				INFOPLIST_KEY_NSPrincipalClass = NSApplication;
				LD_RUNPATH_SEARCH_PATHS = (
					"$(inherited)",
					"@executable_path/../Frameworks",
				);
				MACOSX_DEPLOYMENT_TARGET = 11.1;
				MARKETING_VERSION = 1.0;
				PRODUCT_BUNDLE_IDENTIFIER = com.bilous.TestMacos;
				PRODUCT_NAME = "$(TARGET_NAME)";
				SDKROOT = macosx;
				SWIFT_EMIT_LOC_STRINGS = YES;
				SWIFT_VERSION = 5.0;
			};
			name = Debug;
		};
		C58DC0E7282A6AFC0015EBF4 /* Release */ = {
			isa = XCBuildConfiguration;
			buildSettings = {
				ASSETCATALOG_COMPILER_APPICON_NAME = AppIcon;
				ASSETCATALOG_COMPILER_GLOBAL_ACCENT_COLOR_NAME = AccentColor;
				CLANG_CXX_LANGUAGE_STANDARD = "gnu++17";
				CLANG_WARN_QUOTED_INCLUDE_IN_FRAMEWORK_HEADER = YES;
				CODE_SIGN_ENTITLEMENTS = TestMacos/TestMacos.entitlements;
				CODE_SIGN_STYLE = Automatic;
				COMBINE_HIDPI_IMAGES = YES;
				CURRENT_PROJECT_VERSION = 1;
				GENERATE_INFOPLIST_FILE = YES;
				INFOPLIST_KEY_NSHumanReadableCopyright = "Copyright © 2022 Marentilo. All rights reserved.";
				INFOPLIST_KEY_NSMainStoryboardFile = Main;
				INFOPLIST_KEY_NSPrincipalClass = NSApplication;
				LD_RUNPATH_SEARCH_PATHS = (
					"$(inherited)",
					"@executable_path/../Frameworks",
				);
				MACOSX_DEPLOYMENT_TARGET = 11.1;
				MARKETING_VERSION = 1.0;
				PRODUCT_BUNDLE_IDENTIFIER = com.bilous.TestMacos;
				PRODUCT_NAME = "$(TARGET_NAME)";
				SDKROOT = macosx;
				SWIFT_EMIT_LOC_STRINGS = YES;
				SWIFT_VERSION = 5.0;
			};
			name = Release;
		};
		C58DC0F6282A6B0B0015EBF4 /* Debug */ = {
			isa = XCBuildConfiguration;
			buildSettings = {
				CLANG_CXX_LANGUAGE_STANDARD = "gnu++17";
				CLANG_WARN_QUOTED_INCLUDE_IN_FRAMEWORK_HEADER = YES;
				CODE_SIGN_STYLE = Automatic;
				CURRENT_PROJECT_VERSION = 1;
				GENERATE_INFOPLIST_FILE = YES;
				MACOSX_DEPLOYMENT_TARGET = 11.1;
				MARKETING_VERSION = 1.0;
				PRODUCT_BUNDLE_IDENTIFIER = com.bilous.TestMacosUITests;
				PRODUCT_NAME = "$(TARGET_NAME)";
				SDKROOT = macosx;
				SWIFT_EMIT_LOC_STRINGS = NO;
				SWIFT_VERSION = 5.0;
				TEST_TARGET_NAME = TestMacos;
			};
			name = Debug;
		};
		C58DC0F7282A6B0B0015EBF4 /* Release */ = {
			isa = XCBuildConfiguration;
			buildSettings = {
				CLANG_CXX_LANGUAGE_STANDARD = "gnu++17";
				CLANG_WARN_QUOTED_INCLUDE_IN_FRAMEWORK_HEADER = YES;
				CODE_SIGN_STYLE = Automatic;
				CURRENT_PROJECT_VERSION = 1;
				GENERATE_INFOPLIST_FILE = YES;
				MACOSX_DEPLOYMENT_TARGET = 11.1;
				MARKETING_VERSION = 1.0;
				PRODUCT_BUNDLE_IDENTIFIER = com.bilous.TestMacosUITests;
				PRODUCT_NAME = "$(TARGET_NAME)";
				SDKROOT = macosx;
				SWIFT_EMIT_LOC_STRINGS = NO;
				SWIFT_VERSION = 5.0;
				TEST_TARGET_NAME = TestMacos;
			};
			name = Release;
		};
		E819E1BD248A6EE200FECBB8 /* Debug */ = {
			isa = XCBuildConfiguration;
			buildSettings = {
				ALWAYS_SEARCH_USER_PATHS = NO;
				CLANG_ANALYZER_NONNULL = YES;
				CLANG_ANALYZER_NUMBER_OBJECT_CONVERSION = YES_AGGRESSIVE;
				CLANG_CXX_LANGUAGE_STANDARD = "gnu++14";
				CLANG_CXX_LIBRARY = "libc++";
				CLANG_ENABLE_MODULES = YES;
				CLANG_ENABLE_OBJC_ARC = YES;
				CLANG_ENABLE_OBJC_WEAK = YES;
				CLANG_WARN_BLOCK_CAPTURE_AUTORELEASING = YES;
				CLANG_WARN_BOOL_CONVERSION = YES;
				CLANG_WARN_COMMA = YES;
				CLANG_WARN_CONSTANT_CONVERSION = YES;
				CLANG_WARN_DEPRECATED_OBJC_IMPLEMENTATIONS = YES;
				CLANG_WARN_DIRECT_OBJC_ISA_USAGE = YES_ERROR;
				CLANG_WARN_DOCUMENTATION_COMMENTS = YES;
				CLANG_WARN_EMPTY_BODY = YES;
				CLANG_WARN_ENUM_CONVERSION = YES;
				CLANG_WARN_INFINITE_RECURSION = YES;
				CLANG_WARN_INT_CONVERSION = YES;
				CLANG_WARN_NON_LITERAL_NULL_CONVERSION = YES;
				CLANG_WARN_OBJC_IMPLICIT_RETAIN_SELF = YES;
				CLANG_WARN_OBJC_LITERAL_CONVERSION = YES;
				CLANG_WARN_OBJC_ROOT_CLASS = YES_ERROR;
				CLANG_WARN_RANGE_LOOP_ANALYSIS = YES;
				CLANG_WARN_STRICT_PROTOTYPES = YES;
				CLANG_WARN_SUSPICIOUS_MOVE = YES;
				CLANG_WARN_UNGUARDED_AVAILABILITY = YES_AGGRESSIVE;
				CLANG_WARN_UNREACHABLE_CODE = YES;
				CLANG_WARN__DUPLICATE_METHOD_MATCH = YES;
				COPY_PHASE_STRIP = NO;
				DEBUG_INFORMATION_FORMAT = dwarf;
				ENABLE_STRICT_OBJC_MSGSEND = YES;
				ENABLE_TESTABILITY = YES;
				GCC_C_LANGUAGE_STANDARD = gnu11;
				GCC_DYNAMIC_NO_PIC = NO;
				GCC_NO_COMMON_BLOCKS = YES;
				GCC_OPTIMIZATION_LEVEL = 0;
				GCC_PREPROCESSOR_DEFINITIONS = (
					"DEBUG=1",
					"$(inherited)",
				);
				GCC_WARN_64_TO_32_BIT_CONVERSION = YES;
				GCC_WARN_ABOUT_RETURN_TYPE = YES_ERROR;
				GCC_WARN_UNDECLARED_SELECTOR = YES;
				GCC_WARN_UNINITIALIZED_AUTOS = YES_AGGRESSIVE;
				GCC_WARN_UNUSED_FUNCTION = YES;
				GCC_WARN_UNUSED_VARIABLE = YES;
				IPHONEOS_DEPLOYMENT_TARGET = 11.1;
				MTL_ENABLE_DEBUG_INFO = INCLUDE_SOURCE;
				MTL_FAST_MATH = YES;
				ONLY_ACTIVE_ARCH = YES;
				SDKROOT = iphoneos;
				SWIFT_ACTIVE_COMPILATION_CONDITIONS = DEBUG;
				SWIFT_OPTIMIZATION_LEVEL = "-Onone";
			};
			name = Debug;
		};
		E819E1BE248A6EE200FECBB8 /* Release */ = {
			isa = XCBuildConfiguration;
			buildSettings = {
				ALWAYS_SEARCH_USER_PATHS = NO;
				CLANG_ANALYZER_NONNULL = YES;
				CLANG_ANALYZER_NUMBER_OBJECT_CONVERSION = YES_AGGRESSIVE;
				CLANG_CXX_LANGUAGE_STANDARD = "gnu++14";
				CLANG_CXX_LIBRARY = "libc++";
				CLANG_ENABLE_MODULES = YES;
				CLANG_ENABLE_OBJC_ARC = YES;
				CLANG_ENABLE_OBJC_WEAK = YES;
				CLANG_WARN_BLOCK_CAPTURE_AUTORELEASING = YES;
				CLANG_WARN_BOOL_CONVERSION = YES;
				CLANG_WARN_COMMA = YES;
				CLANG_WARN_CONSTANT_CONVERSION = YES;
				CLANG_WARN_DEPRECATED_OBJC_IMPLEMENTATIONS = YES;
				CLANG_WARN_DIRECT_OBJC_ISA_USAGE = YES_ERROR;
				CLANG_WARN_DOCUMENTATION_COMMENTS = YES;
				CLANG_WARN_EMPTY_BODY = YES;
				CLANG_WARN_ENUM_CONVERSION = YES;
				CLANG_WARN_INFINITE_RECURSION = YES;
				CLANG_WARN_INT_CONVERSION = YES;
				CLANG_WARN_NON_LITERAL_NULL_CONVERSION = YES;
				CLANG_WARN_OBJC_IMPLICIT_RETAIN_SELF = YES;
				CLANG_WARN_OBJC_LITERAL_CONVERSION = YES;
				CLANG_WARN_OBJC_ROOT_CLASS = YES_ERROR;
				CLANG_WARN_RANGE_LOOP_ANALYSIS = YES;
				CLANG_WARN_STRICT_PROTOTYPES = YES;
				CLANG_WARN_SUSPICIOUS_MOVE = YES;
				CLANG_WARN_UNGUARDED_AVAILABILITY = YES_AGGRESSIVE;
				CLANG_WARN_UNREACHABLE_CODE = YES;
				CLANG_WARN__DUPLICATE_METHOD_MATCH = YES;
				COPY_PHASE_STRIP = NO;
				DEBUG_INFORMATION_FORMAT = "dwarf-with-dsym";
				ENABLE_NS_ASSERTIONS = NO;
				ENABLE_STRICT_OBJC_MSGSEND = YES;
				GCC_C_LANGUAGE_STANDARD = gnu11;
				GCC_NO_COMMON_BLOCKS = YES;
				GCC_WARN_64_TO_32_BIT_CONVERSION = YES;
				GCC_WARN_ABOUT_RETURN_TYPE = YES_ERROR;
				GCC_WARN_UNDECLARED_SELECTOR = YES;
				GCC_WARN_UNINITIALIZED_AUTOS = YES_AGGRESSIVE;
				GCC_WARN_UNUSED_FUNCTION = YES;
				GCC_WARN_UNUSED_VARIABLE = YES;
				IPHONEOS_DEPLOYMENT_TARGET = 11.1;
				MTL_ENABLE_DEBUG_INFO = NO;
				MTL_FAST_MATH = YES;
				SDKROOT = iphoneos;
				SWIFT_COMPILATION_MODE = wholemodule;
				SWIFT_OPTIMIZATION_LEVEL = "-O";
				VALIDATE_PRODUCT = YES;
			};
			name = Release;
		};
		E819E1C0248A6EE200FECBB8 /* Debug */ = {
			isa = XCBuildConfiguration;
			buildSettings = {
				ASSETCATALOG_COMPILER_APPICON_NAME = AppIcon;
				CODE_SIGN_STYLE = Automatic;
				DEVELOPMENT_TEAM = 4Y5NM4C9D2;
				INFOPLIST_FILE = TestContacts/Info.plist;
				LD_RUNPATH_SEARCH_PATHS = (
					"$(inherited)",
					"@executable_path/Frameworks",
				);
				PRODUCT_BUNDLE_IDENTIFIER = "Bilous-Aleksandr.TestContacts";
				PRODUCT_NAME = "$(TARGET_NAME)";
				SWIFT_VERSION = 5.0;
				TARGETED_DEVICE_FAMILY = "1,2";
			};
			name = Debug;
		};
		E819E1C1248A6EE200FECBB8 /* Release */ = {
			isa = XCBuildConfiguration;
			buildSettings = {
				ASSETCATALOG_COMPILER_APPICON_NAME = AppIcon;
				CODE_SIGN_STYLE = Automatic;
				DEVELOPMENT_TEAM = 4Y5NM4C9D2;
				INFOPLIST_FILE = TestContacts/Info.plist;
				LD_RUNPATH_SEARCH_PATHS = (
					"$(inherited)",
					"@executable_path/Frameworks",
				);
				PRODUCT_BUNDLE_IDENTIFIER = "Bilous-Aleksandr.TestContacts";
				PRODUCT_NAME = "$(TARGET_NAME)";
				SWIFT_VERSION = 5.0;
				TARGETED_DEVICE_FAMILY = "1,2";
			};
			name = Release;
		};
/* End XCBuildConfiguration section */

/* Begin XCConfigurationList section */
		C58DC0E8282A6AFC0015EBF4 /* Build configuration list for PBXNativeTarget "TestMacos" */ = {
			isa = XCConfigurationList;
			buildConfigurations = (
				C58DC0E6282A6AFC0015EBF4 /* Debug */,
				C58DC0E7282A6AFC0015EBF4 /* Release */,
			);
			defaultConfigurationIsVisible = 0;
			defaultConfigurationName = Release;
		};
		C58DC0F5282A6B0B0015EBF4 /* Build configuration list for PBXNativeTarget "TestMacosUITests" */ = {
			isa = XCConfigurationList;
			buildConfigurations = (
				C58DC0F6282A6B0B0015EBF4 /* Debug */,
				C58DC0F7282A6B0B0015EBF4 /* Release */,
			);
			defaultConfigurationIsVisible = 0;
			defaultConfigurationName = Release;
		};
		E819E1A6248A6EDF00FECBB8 /* Build configuration list for PBXProject "TestContacts" */ = {
			isa = XCConfigurationList;
			buildConfigurations = (
				E819E1BD248A6EE200FECBB8 /* Debug */,
				E819E1BE248A6EE200FECBB8 /* Release */,
			);
			defaultConfigurationIsVisible = 0;
			defaultConfigurationName = Release;
		};
		E819E1BF248A6EE200FECBB8 /* Build configuration list for PBXNativeTarget "TestContacts" */ = {
			isa = XCConfigurationList;
			buildConfigurations = (
				E819E1C0248A6EE200FECBB8 /* Debug */,
				E819E1C1248A6EE200FECBB8 /* Release */,
			);
			defaultConfigurationIsVisible = 0;
			defaultConfigurationName = Release;
		};
/* End XCConfigurationList section */
	};
	rootObject = E819E1A3248A6EDF00FECBB8 /* Project object */;
}
